// !$*UTF8*$!
{
	archiveVersion = 1;
	classes = {
	};
	objectVersion = 77;
	objects = {

/* Begin PBXBuildFile section */
		670E2ED12DC617B2003D0AFE /* FirebaseAnalytics in Frameworks */ = {isa = PBXBuildFile; productRef = 670E2ED02DC617B2003D0AFE /* FirebaseAnalytics */; };
		670E2ED32DC617B2003D0AFE /* FirebaseAuth in Frameworks */ = {isa = PBXBuildFile; productRef = 670E2ED22DC617B2003D0AFE /* FirebaseAuth */; };
		670E2ED52DC617B2003D0AFE /* FirebaseCore in Frameworks */ = {isa = PBXBuildFile; productRef = 670E2ED42DC617B2003D0AFE /* FirebaseCore */; };
		670E2ED72DC617B2003D0AFE /* FirebaseDatabase in Frameworks */ = {isa = PBXBuildFile; productRef = 670E2ED62DC617B2003D0AFE /* FirebaseDatabase */; };
		670E2ED92DC617B2003D0AFE /* FirebaseStorage in Frameworks */ = {isa = PBXBuildFile; productRef = 670E2ED82DC617B2003D0AFE /* FirebaseStorage */; };
		670E2EE12DC62E71003D0AFE /* Moya in Frameworks */ = {isa = PBXBuildFile; productRef = 670E2EE02DC62E71003D0AFE /* Moya */; };
		670E2F8C2DC78DDD003D0AFE /* Lottie in Frameworks */ = {isa = PBXBuildFile; productRef = 670E2F8B2DC78DDD003D0AFE /* Lottie */; };
/* End PBXBuildFile section */

/* Begin PBXFileReference section */
		679CA0E92DBD0DD000CA9FDC /* Mapgame.app */ = {isa = PBXFileReference; explicitFileType = wrapper.application; includeInIndex = 0; path = Mapgame.app; sourceTree = BUILT_PRODUCTS_DIR; };
/* End PBXFileReference section */

/* Begin PBXFileSystemSynchronizedBuildFileExceptionSet section */
		679CA0FB2DBD0DD200CA9FDC /* Exceptions for "Mapgame" folder in "Mapgame" target */ = {
			isa = PBXFileSystemSynchronizedBuildFileExceptionSet;
			membershipExceptions = (
				Info.plist,
			);
			target = 679CA0E82DBD0DD000CA9FDC /* Mapgame */;
		};
/* End PBXFileSystemSynchronizedBuildFileExceptionSet section */

/* Begin PBXFileSystemSynchronizedRootGroup section */
		679CA0EB2DBD0DD000CA9FDC /* Mapgame */ = {
			isa = PBXFileSystemSynchronizedRootGroup;
			exceptions = (
				679CA0FB2DBD0DD200CA9FDC /* Exceptions for "Mapgame" folder in "Mapgame" target */,
			);
			path = Mapgame;
			sourceTree = "<group>";
		};
/* End PBXFileSystemSynchronizedRootGroup section */

/* Begin PBXFrameworksBuildPhase section */
		679CA0E62DBD0DD000CA9FDC /* Frameworks */ = {
			isa = PBXFrameworksBuildPhase;
			buildActionMask = 2147483647;
			files = (
				670E2ED12DC617B2003D0AFE /* FirebaseAnalytics in Frameworks */,
				670E2F8C2DC78DDD003D0AFE /* Lottie in Frameworks */,
				670E2ED52DC617B2003D0AFE /* FirebaseCore in Frameworks */,
				670E2EE12DC62E71003D0AFE /* Moya in Frameworks */,
				670E2ED72DC617B2003D0AFE /* FirebaseDatabase in Frameworks */,
				670E2ED92DC617B2003D0AFE /* FirebaseStorage in Frameworks */,
				670E2ED32DC617B2003D0AFE /* FirebaseAuth in Frameworks */,
			);
			runOnlyForDeploymentPostprocessing = 0;
		};
/* End PBXFrameworksBuildPhase section */

/* Begin PBXGroup section */
		679CA0E02DBD0DD000CA9FDC = {
			isa = PBXGroup;
			children = (
				679CA0EB2DBD0DD000CA9FDC /* Mapgame */,
				679CA0EA2DBD0DD000CA9FDC /* Products */,
			);
			sourceTree = "<group>";
		};
		679CA0EA2DBD0DD000CA9FDC /* Products */ = {
			isa = PBXGroup;
			children = (
				679CA0E92DBD0DD000CA9FDC /* Mapgame.app */,
			);
			name = Products;
			sourceTree = "<group>";
		};
/* End PBXGroup section */

/* Begin PBXNativeTarget section */
		679CA0E82DBD0DD000CA9FDC /* Mapgame */ = {
			isa = PBXNativeTarget;
			buildConfigurationList = 679CA0FC2DBD0DD200CA9FDC /* Build configuration list for PBXNativeTarget "Mapgame" */;
			buildPhases = (
				679CA0E52DBD0DD000CA9FDC /* Sources */,
				679CA0E62DBD0DD000CA9FDC /* Frameworks */,
				679CA0E72DBD0DD000CA9FDC /* Resources */,
			);
			buildRules = (
			);
			dependencies = (
			);
			fileSystemSynchronizedGroups = (
				679CA0EB2DBD0DD000CA9FDC /* Mapgame */,
			);
			name = Mapgame;
			packageProductDependencies = (
				670E2ED02DC617B2003D0AFE /* FirebaseAnalytics */,
				670E2ED22DC617B2003D0AFE /* FirebaseAuth */,
				670E2ED42DC617B2003D0AFE /* FirebaseCore */,
				670E2ED62DC617B2003D0AFE /* FirebaseDatabase */,
				670E2ED82DC617B2003D0AFE /* FirebaseStorage */,
				670E2EE02DC62E71003D0AFE /* Moya */,
				670E2F8B2DC78DDD003D0AFE /* Lottie */,
			);
			productName = Mapgame;
			productReference = 679CA0E92DBD0DD000CA9FDC /* Mapgame.app */;
			productType = "com.apple.product-type.application";
		};
/* End PBXNativeTarget section */

/* Begin PBXProject section */
		679CA0E12DBD0DD000CA9FDC /* Project object */ = {
			isa = PBXProject;
			attributes = {
				BuildIndependentTargetsInParallel = 1;
				LastSwiftUpdateCheck = 1600;
				LastUpgradeCheck = 1600;
				TargetAttributes = {
					679CA0E82DBD0DD000CA9FDC = {
						CreatedOnToolsVersion = 16.0;
					};
				};
			};
			buildConfigurationList = 679CA0E42DBD0DD000CA9FDC /* Build configuration list for PBXProject "Mapgame" */;
			developmentRegion = en;
			hasScannedForEncodings = 0;
			knownRegions = (
				en,
				Base,
			);
			mainGroup = 679CA0E02DBD0DD000CA9FDC;
			minimizedProjectReferenceProxies = 1;
			packageReferences = (
				670E2ECF2DC617B2003D0AFE /* XCRemoteSwiftPackageReference "firebase-ios-sdk" */,
				670E2EDF2DC62E71003D0AFE /* XCRemoteSwiftPackageReference "Moya" */,
				670E2F8A2DC78DDD003D0AFE /* XCRemoteSwiftPackageReference "lottie-ios" */,
			);
			preferredProjectObjectVersion = 77;
			productRefGroup = 679CA0EA2DBD0DD000CA9FDC /* Products */;
			projectDirPath = "";
			projectRoot = "";
			targets = (
				679CA0E82DBD0DD000CA9FDC /* Mapgame */,
			);
		};
/* End PBXProject section */

/* Begin PBXResourcesBuildPhase section */
		679CA0E72DBD0DD000CA9FDC /* Resources */ = {
			isa = PBXResourcesBuildPhase;
			buildActionMask = 2147483647;
			files = (
			);
			runOnlyForDeploymentPostprocessing = 0;
		};
/* End PBXResourcesBuildPhase section */

/* Begin PBXSourcesBuildPhase section */
		679CA0E52DBD0DD000CA9FDC /* Sources */ = {
			isa = PBXSourcesBuildPhase;
			buildActionMask = 2147483647;
			files = (
			);
			runOnlyForDeploymentPostprocessing = 0;
		};
/* End PBXSourcesBuildPhase section */

/* Begin XCBuildConfiguration section */
		679CA0FD2DBD0DD200CA9FDC /* Debug */ = {
			isa = XCBuildConfiguration;
			buildSettings = {
				ASSETCATALOG_COMPILER_APPICON_NAME = AppIcon;
				ASSETCATALOG_COMPILER_GLOBAL_ACCENT_COLOR_NAME = AccentColor;
				CODE_SIGN_STYLE = Automatic;
				CURRENT_PROJECT_VERSION = 1;
				DEVELOPMENT_TEAM = 9MV7S9D4GB;
				GENERATE_INFOPLIST_FILE = YES;
				INFOPLIST_FILE = Mapgame/Info.plist;
				INFOPLIST_KEY_LSApplicationCategoryType = NSLocationWhenInUseUsageDescription;
				INFOPLIST_KEY_NSLocationAlwaysAndWhenInUseUsageDescription = "ал";
				INFOPLIST_KEY_NSLocationWhenInUseUsageDescription = "алоха";
				INFOPLIST_KEY_UIApplicationSupportsIndirectInputEvents = YES;
				INFOPLIST_KEY_UILaunchStoryboardName = LaunchScreen;
				INFOPLIST_KEY_UIMainStoryboardFile = Main;
				INFOPLIST_KEY_UISupportedInterfaceOrientations_iPad = "UIInterfaceOrientationPortrait UIInterfaceOrientationPortraitUpsideDown UIInterfaceOrientationLandscapeLeft UIInterfaceOrientationLandscapeRight";
				INFOPLIST_KEY_UISupportedInterfaceOrientations_iPhone = "UIInterfaceOrientationPortrait UIInterfaceOrientationLandscapeLeft UIInterfaceOrientationLandscapeRight";
				LD_RUNPATH_SEARCH_PATHS = (
					"$(inherited)",
					"@executable_path/Frameworks",
				);
				MARKETING_VERSION = 1.0;
				PRODUCT_BUNDLE_IDENTIFIER = com.mapgame.Mapgame;
				PRODUCT_NAME = "$(TARGET_NAME)";
				SWIFT_EMIT_LOC_STRINGS = YES;
				SWIFT_VERSION = 5.0;
				TARGETED_DEVICE_FAMILY = "1,2";
			};
			name = Debug;
		};
		679CA0FE2DBD0DD200CA9FDC /* Release */ = {
			isa = XCBuildConfiguration;
			buildSettings = {
				ASSETCATALOG_COMPILER_APPICON_NAME = AppIcon;
				ASSETCATALOG_COMPILER_GLOBAL_ACCENT_COLOR_NAME = AccentColor;
				CODE_SIGN_STYLE = Automatic;
				CURRENT_PROJECT_VERSION = 1;
				DEVELOPMENT_TEAM = 9MV7S9D4GB;
				GENERATE_INFOPLIST_FILE = YES;
				INFOPLIST_FILE = Mapgame/Info.plist;
				INFOPLIST_KEY_LSApplicationCategoryType = NSLocationWhenInUseUsageDescription;
				INFOPLIST_KEY_NSLocationAlwaysAndWhenInUseUsageDescription = "ал";
				INFOPLIST_KEY_NSLocationWhenInUseUsageDescription = "алоха";
				INFOPLIST_KEY_UIApplicationSupportsIndirectInputEvents = YES;
				INFOPLIST_KEY_UILaunchStoryboardName = LaunchScreen;
				INFOPLIST_KEY_UIMainStoryboardFile = Main;
				INFOPLIST_KEY_UISupportedInterfaceOrientations_iPad = "UIInterfaceOrientationPortrait UIInterfaceOrientationPortraitUpsideDown UIInterfaceOrientationLandscapeLeft UIInterfaceOrientationLandscapeRight";
				INFOPLIST_KEY_UISupportedInterfaceOrientations_iPhone = "UIInterfaceOrientationPortrait UIInterfaceOrientationLandscapeLeft UIInterfaceOrientationLandscapeRight";
				LD_RUNPATH_SEARCH_PATHS = (
					"$(inherited)",
					"@executable_path/Frameworks",
				);
				MARKETING_VERSION = 1.0;
				PRODUCT_BUNDLE_IDENTIFIER = com.mapgame.Mapgame;
				PRODUCT_NAME = "$(TARGET_NAME)";
				SWIFT_EMIT_LOC_STRINGS = YES;
				SWIFT_VERSION = 5.0;
				TARGETED_DEVICE_FAMILY = "1,2";
			};
			name = Release;
		};
		679CA0FF2DBD0DD200CA9FDC /* Debug */ = {
			isa = XCBuildConfiguration;
			buildSettings = {
				ALWAYS_SEARCH_USER_PATHS = NO;
				ASSETCATALOG_COMPILER_GENERATE_SWIFT_ASSET_SYMBOL_EXTENSIONS = YES;
				CLANG_ANALYZER_NONNULL = YES;
				CLANG_ANALYZER_NUMBER_OBJECT_CONVERSION = YES_AGGRESSIVE;
				CLANG_CXX_LANGUAGE_STANDARD = "gnu++20";
				CLANG_ENABLE_MODULES = YES;
				CLANG_ENABLE_OBJC_ARC = YES;
				CLANG_ENABLE_OBJC_WEAK = YES;
				CLANG_WARN_BLOCK_CAPTURE_AUTORELEASING = YES;
				CLANG_WARN_BOOL_CONVERSION = YES;
				CLANG_WARN_COMMA = YES;
				CLANG_WARN_CONSTANT_CONVERSION = YES;
				CLANG_WARN_DEPRECATED_OBJC_IMPLEMENTATIONS = YES;
				CLANG_WARN_DIRECT_OBJC_ISA_USAGE = YES_ERROR;
				CLANG_WARN_DOCUMENTATION_COMMENTS = YES;
				CLANG_WARN_EMPTY_BODY = YES;
				CLANG_WARN_ENUM_CONVERSION = YES;
				CLANG_WARN_INFINITE_RECURSION = YES;
				CLANG_WARN_INT_CONVERSION = YES;
				CLANG_WARN_NON_LITERAL_NULL_CONVERSION = YES;
				CLANG_WARN_OBJC_IMPLICIT_RETAIN_SELF = YES;
				CLANG_WARN_OBJC_LITERAL_CONVERSION = YES;
				CLANG_WARN_OBJC_ROOT_CLASS = YES_ERROR;
				CLANG_WARN_QUOTED_INCLUDE_IN_FRAMEWORK_HEADER = YES;
				CLANG_WARN_RANGE_LOOP_ANALYSIS = YES;
				CLANG_WARN_STRICT_PROTOTYPES = YES;
				CLANG_WARN_SUSPICIOUS_MOVE = YES;
				CLANG_WARN_UNGUARDED_AVAILABILITY = YES_AGGRESSIVE;
				CLANG_WARN_UNREACHABLE_CODE = YES;
				CLANG_WARN__DUPLICATE_METHOD_MATCH = YES;
				COPY_PHASE_STRIP = NO;
				DEBUG_INFORMATION_FORMAT = dwarf;
				ENABLE_STRICT_OBJC_MSGSEND = YES;
				ENABLE_TESTABILITY = YES;
				ENABLE_USER_SCRIPT_SANDBOXING = YES;
				GCC_C_LANGUAGE_STANDARD = gnu17;
				GCC_DYNAMIC_NO_PIC = NO;
				GCC_NO_COMMON_BLOCKS = YES;
				GCC_OPTIMIZATION_LEVEL = 0;
				GCC_PREPROCESSOR_DEFINITIONS = (
					"DEBUG=1",
					"$(inherited)",
				);
				GCC_WARN_64_TO_32_BIT_CONVERSION = YES;
				GCC_WARN_ABOUT_RETURN_TYPE = YES_ERROR;
				GCC_WARN_UNDECLARED_SELECTOR = YES;
				GCC_WARN_UNINITIALIZED_AUTOS = YES_AGGRESSIVE;
				GCC_WARN_UNUSED_FUNCTION = YES;
				GCC_WARN_UNUSED_VARIABLE = YES;
				IPHONEOS_DEPLOYMENT_TARGET = 18.0;
				LOCALIZATION_PREFERS_STRING_CATALOGS = YES;
				MTL_ENABLE_DEBUG_INFO = INCLUDE_SOURCE;
				MTL_FAST_MATH = YES;
				ONLY_ACTIVE_ARCH = YES;
				SDKROOT = iphoneos;
				SWIFT_ACTIVE_COMPILATION_CONDITIONS = "DEBUG $(inherited)";
				SWIFT_OPTIMIZATION_LEVEL = "-Onone";
			};
			name = Debug;
		};
		679CA1002DBD0DD200CA9FDC /* Release */ = {
			isa = XCBuildConfiguration;
			buildSettings = {
				ALWAYS_SEARCH_USER_PATHS = NO;
				ASSETCATALOG_COMPILER_GENERATE_SWIFT_ASSET_SYMBOL_EXTENSIONS = YES;
				CLANG_ANALYZER_NONNULL = YES;
				CLANG_ANALYZER_NUMBER_OBJECT_CONVERSION = YES_AGGRESSIVE;
				CLANG_CXX_LANGUAGE_STANDARD = "gnu++20";
				CLANG_ENABLE_MODULES = YES;
				CLANG_ENABLE_OBJC_ARC = YES;
				CLANG_ENABLE_OBJC_WEAK = YES;
				CLANG_WARN_BLOCK_CAPTURE_AUTORELEASING = YES;
				CLANG_WARN_BOOL_CONVERSION = YES;
				CLANG_WARN_COMMA = YES;
				CLANG_WARN_CONSTANT_CONVERSION = YES;
				CLANG_WARN_DEPRECATED_OBJC_IMPLEMENTATIONS = YES;
				CLANG_WARN_DIRECT_OBJC_ISA_USAGE = YES_ERROR;
				CLANG_WARN_DOCUMENTATION_COMMENTS = YES;
				CLANG_WARN_EMPTY_BODY = YES;
				CLANG_WARN_ENUM_CONVERSION = YES;
				CLANG_WARN_INFINITE_RECURSION = YES;
				CLANG_WARN_INT_CONVERSION = YES;
				CLANG_WARN_NON_LITERAL_NULL_CONVERSION = YES;
				CLANG_WARN_OBJC_IMPLICIT_RETAIN_SELF = YES;
				CLANG_WARN_OBJC_LITERAL_CONVERSION = YES;
				CLANG_WARN_OBJC_ROOT_CLASS = YES_ERROR;
				CLANG_WARN_QUOTED_INCLUDE_IN_FRAMEWORK_HEADER = YES;
				CLANG_WARN_RANGE_LOOP_ANALYSIS = YES;
				CLANG_WARN_STRICT_PROTOTYPES = YES;
				CLANG_WARN_SUSPICIOUS_MOVE = YES;
				CLANG_WARN_UNGUARDED_AVAILABILITY = YES_AGGRESSIVE;
				CLANG_WARN_UNREACHABLE_CODE = YES;
				CLANG_WARN__DUPLICATE_METHOD_MATCH = YES;
				COPY_PHASE_STRIP = NO;
				DEBUG_INFORMATION_FORMAT = "dwarf-with-dsym";
				ENABLE_NS_ASSERTIONS = NO;
				ENABLE_STRICT_OBJC_MSGSEND = YES;
				ENABLE_USER_SCRIPT_SANDBOXING = YES;
				GCC_C_LANGUAGE_STANDARD = gnu17;
				GCC_NO_COMMON_BLOCKS = YES;
				GCC_WARN_64_TO_32_BIT_CONVERSION = YES;
				GCC_WARN_ABOUT_RETURN_TYPE = YES_ERROR;
				GCC_WARN_UNDECLARED_SELECTOR = YES;
				GCC_WARN_UNINITIALIZED_AUTOS = YES_AGGRESSIVE;
				GCC_WARN_UNUSED_FUNCTION = YES;
				GCC_WARN_UNUSED_VARIABLE = YES;
				IPHONEOS_DEPLOYMENT_TARGET = 18.0;
				LOCALIZATION_PREFERS_STRING_CATALOGS = YES;
				MTL_ENABLE_DEBUG_INFO = NO;
				MTL_FAST_MATH = YES;
				SDKROOT = iphoneos;
				SWIFT_COMPILATION_MODE = wholemodule;
				VALIDATE_PRODUCT = YES;
			};
			name = Release;
		};
/* End XCBuildConfiguration section */

/* Begin XCConfigurationList section */
		679CA0E42DBD0DD000CA9FDC /* Build configuration list for PBXProject "Mapgame" */ = {
			isa = XCConfigurationList;
			buildConfigurations = (
				679CA0FF2DBD0DD200CA9FDC /* Debug */,
				679CA1002DBD0DD200CA9FDC /* Release */,
			);
			defaultConfigurationIsVisible = 0;
			defaultConfigurationName = Release;
		};
		679CA0FC2DBD0DD200CA9FDC /* Build configuration list for PBXNativeTarget "Mapgame" */ = {
			isa = XCConfigurationList;
			buildConfigurations = (
				679CA0FD2DBD0DD200CA9FDC /* Debug */,
				679CA0FE2DBD0DD200CA9FDC /* Release */,
			);
			defaultConfigurationIsVisible = 0;
			defaultConfigurationName = Release;
		};
/* End XCConfigurationList section */

/* Begin XCRemoteSwiftPackageReference section */
		670E2ECF2DC617B2003D0AFE /* XCRemoteSwiftPackageReference "firebase-ios-sdk" */ = {
			isa = XCRemoteSwiftPackageReference;
			repositoryURL = "https://github.com/firebase/firebase-ios-sdk";
			requirement = {
				kind = upToNextMajorVersion;
				minimumVersion = 11.12.0;
			};
		};
		670E2EDF2DC62E71003D0AFE /* XCRemoteSwiftPackageReference "Moya" */ = {
			isa = XCRemoteSwiftPackageReference;
			repositoryURL = "https://github.com/Moya/Moya.git";
			requirement = {
				kind = upToNextMajorVersion;
				minimumVersion = 15.0.3;
			};
		};
		670E2F8A2DC78DDD003D0AFE /* XCRemoteSwiftPackageReference "lottie-ios" */ = {
			isa = XCRemoteSwiftPackageReference;
			repositoryURL = "https://github.com/airbnb/lottie-ios";
			requirement = {
				kind = upToNextMajorVersion;
				minimumVersion = 4.5.1;
			};
		};
/* End XCRemoteSwiftPackageReference section */

/* Begin XCSwiftPackageProductDependency section */
		670E2ED02DC617B2003D0AFE /* FirebaseAnalytics */ = {
			isa = XCSwiftPackageProductDependency;
			package = 670E2ECF2DC617B2003D0AFE /* XCRemoteSwiftPackageReference "firebase-ios-sdk" */;
			productName = FirebaseAnalytics;
		};
		670E2ED22DC617B2003D0AFE /* FirebaseAuth */ = {
			isa = XCSwiftPackageProductDependency;
			package = 670E2ECF2DC617B2003D0AFE /* XCRemoteSwiftPackageReference "firebase-ios-sdk" */;
			productName = FirebaseAuth;
		};
		670E2ED42DC617B2003D0AFE /* FirebaseCore */ = {
			isa = XCSwiftPackageProductDependency;
			package = 670E2ECF2DC617B2003D0AFE /* XCRemoteSwiftPackageReference "firebase-ios-sdk" */;
			productName = FirebaseCore;
		};
		670E2ED62DC617B2003D0AFE /* FirebaseDatabase */ = {
			isa = XCSwiftPackageProductDependency;
			package = 670E2ECF2DC617B2003D0AFE /* XCRemoteSwiftPackageReference "firebase-ios-sdk" */;
			productName = FirebaseDatabase;
		};
		670E2ED82DC617B2003D0AFE /* FirebaseStorage */ = {
			isa = XCSwiftPackageProductDependency;
			package = 670E2ECF2DC617B2003D0AFE /* XCRemoteSwiftPackageReference "firebase-ios-sdk" */;
			productName = FirebaseStorage;
		};
		670E2EE02DC62E71003D0AFE /* Moya */ = {
			isa = XCSwiftPackageProductDependency;
			package = 670E2EDF2DC62E71003D0AFE /* XCRemoteSwiftPackageReference "Moya" */;
			productName = Moya;
		};
		670E2F8B2DC78DDD003D0AFE /* Lottie */ = {
			isa = XCSwiftPackageProductDependency;
			package = 670E2F8A2DC78DDD003D0AFE /* XCRemoteSwiftPackageReference "lottie-ios" */;
			productName = Lottie;
		};
/* End XCSwiftPackageProductDependency section */
	};
	rootObject = 679CA0E12DBD0DD000CA9FDC /* Project object */;
}
